
Microsoft Visual Studio Solution File, Format Version 12.00
# Visual Studio Version 17
VisualStudioVersion = 17.1.32228.430
MinimumVisualStudioVersion = 10.0.40219.1
Project("{8BC9CEB8-8B4A-11D0-8D11-00A0C91BC942}") = "Servidor", "Servidor.vcxproj", "{13D5C1C4-6976-4566-A073-A06C297195B6}"
EndProject
Project("{8BC9CEB8-8B4A-11D0-8D11-00A0C91BC942}") = "Monitor", "..\Monitor\Monitor.vcxproj", "{C93AA8E0-A82F-416C-8498-BD1B79806D95}"
EndProject
Project("{8BC9CEB8-8B4A-11D0-8D11-00A0C91BC942}") = "Cliente", "..\Cliente\Cliente.vcxproj", "{B4B762B0-380A-4F05-9CD3-F2EAC0245E9C}"
EndProject
Global
	GlobalSection(SolutionConfigurationPlatforms) = preSolution
		Debug|x64 = Debug|x64
		Debug|x86 = Debug|x86
		Release|x64 = Release|x64
		Release|x86 = Release|x86
	EndGlobalSection
	GlobalSection(ProjectConfigurationPlatforms) = postSolution
		{13D5C1C4-6976-4566-A073-A06C297195B6}.Debug|x64.ActiveCfg = Debug|x64
		{13D5C1C4-6976-4566-A073-A06C297195B6}.Debug|x64.Build.0 = Debug|x64
		{13D5C1C4-6976-4566-A073-A06C297195B6}.Debug|x86.ActiveCfg = Debug|Win32
		{13D5C1C4-6976-4566-A073-A06C297195B6}.Debug|x86.Build.0 = Debug|Win32
		{13D5C1C4-6976-4566-A073-A06C297195B6}.Release|x64.ActiveCfg = Release|x64
		{13D5C1C4-6976-4566-A073-A06C297195B6}.Release|x64.Build.0 = Release|x64
		{13D5C1C4-6976-4566-A073-A06C297195B6}.Release|x86.ActiveCfg = Release|Win32
		{13D5C1C4-6976-4566-A073-A06C297195B6}.Release|x86.Build.0 = Release|Win32
		{C93AA8E0-A82F-416C-8498-BD1B79806D95}.Debug|x64.ActiveCfg = Debug|x64
		{C93AA8E0-A82F-416C-8498-BD1B79806D95}.Debug|x64.Build.0 = Debug|x64
		{C93AA8E0-A82F-416C-8498-BD1B79806D95}.Debug|x86.ActiveCfg = Debug|Win32
		{C93AA8E0-A82F-416C-8498-BD1B79806D95}.Debug|x86.Build.0 = Debug|Win32
		{C93AA8E0-A82F-416C-8498-BD1B79806D95}.Release|x64.ActiveCfg = Release|x64
		{C93AA8E0-A82F-416C-8498-BD1B79806D95}.Release|x64.Build.0 = Release|x64
		{C93AA8E0-A82F-416C-8498-BD1B79806D95}.Release|x86.ActiveCfg = Release|Win32
		{C93AA8E0-A82F-416C-8498-BD1B79806D95}.Release|x86.Build.0 = Release|Win32
		{B4B762B0-380A-4F05-9CD3-F2EAC0245E9C}.Debug|x64.ActiveCfg = Debug|x64
		{B4B762B0-380A-4F05-9CD3-F2EAC0245E9C}.Debug|x64.Build.0 = Debug|x64
		{B4B762B0-380A-4F05-9CD3-F2EAC0245E9C}.Debug|x86.ActiveCfg = Debug|Win32
		{B4B762B0-380A-4F05-9CD3-F2EAC0245E9C}.Debug|x86.Build.0 = Debug|Win32
		{B4B762B0-380A-4F05-9CD3-F2EAC0245E9C}.Release|x64.ActiveCfg = Release|x64
		{B4B762B0-380A-4F05-9CD3-F2EAC0245E9C}.Release|x64.Build.0 = Release|x64
		{B4B762B0-380A-4F05-9CD3-F2EAC0245E9C}.Release|x86.ActiveCfg = Release|Win32
		{B4B762B0-380A-4F05-9CD3-F2EAC0245E9C}.Release|x86.Build.0 = Release|Win32
	EndGlobalSection
	GlobalSection(SolutionProperties) = preSolution
		HideSolutionNode = FALSE
	EndGlobalSection
	GlobalSection(ExtensibilityGlobals) = postSolution
		SolutionGuid = {37F6893C-53EE-4670-99C3-287DDADB0378}
	EndGlobalSection
EndGlobal
